
Microsoft Visual Studio Solution File, Format Version 12.00
# Visual Studio Version 17
VisualStudioVersion = 17.6.33723.286
MinimumVisualStudioVersion = 10.0.40219.1
Project("{FAE04EC0-301F-11D3-BF4B-00C04F79EFBC}") = "LolStats_Web", "LolStats_Web\LolStats_Web.csproj", "{6958ACAF-73C1-42B0-9A66-739A97D64D7D}"
EndProject
Global
	GlobalSection(SolutionConfigurationPlatforms) = preSolution
		Debug|Any CPU = Debug|Any CPU
		Release|Any CPU = Release|Any CPU
	EndGlobalSection
	GlobalSection(ProjectConfigurationPlatforms) = postSolution
		{6958ACAF-73C1-42B0-9A66-739A97D64D7D}.Debug|Any CPU.ActiveCfg = Debug|Any CPU
		{6958ACAF-73C1-42B0-9A66-739A97D64D7D}.Debug|Any CPU.Build.0 = Debug|Any CPU
		{6958ACAF-73C1-42B0-9A66-739A97D64D7D}.Release|Any CPU.ActiveCfg = Release|Any CPU
		{6958ACAF-73C1-42B0-9A66-739A97D64D7D}.Release|Any CPU.Build.0 = Release|Any CPU
	EndGlobalSection
	GlobalSection(SolutionProperties) = preSolution
		HideSolutionNode = FALSE
	EndGlobalSection
	GlobalSection(ExtensibilityGlobals) = postSolution
		SolutionGuid = {90981EAC-BA95-4AA8-AD91-C279EFD60834}
	EndGlobalSection
EndGlobal
